
Microsoft Visual Studio Solution File, Format Version 12.00
# Visual Studio Version 16
VisualStudioVersion = 16.0.31911.196
MinimumVisualStudioVersion = 10.0.40219.1
Project("{9A19103F-16F7-4668-BE54-9A1E7A4F7556}") = "WhatToWear.ConsoleUI", "WhatToWear.ConsoleUI\WhatToWear.ConsoleUI.csproj", "{9C738F95-DC05-4D0A-BAF2-F78AACE09ACE}"
EndProject
Project("{9A19103F-16F7-4668-BE54-9A1E7A4F7556}") = "WhatToWear.Logic", "WhatToWear.Logic\WhatToWear.Logic.csproj", "{02DB403E-A39C-40F4-8FDD-5F66D52681A5}"
EndProject
Project("{9A19103F-16F7-4668-BE54-9A1E7A4F7556}") = "WhatToWear.Data", "WhatToWear.Data\WhatToWear.Data.csproj", "{319C57EB-53FC-4673-9461-BACD08752C7F}"
EndProject
Project("{9A19103F-16F7-4668-BE54-9A1E7A4F7556}") = "What-to-Wear", "What-to-Wear\What-to-Wear.csproj", "{589EAABB-4284-4E6C-B7B3-61F980492E3C}"
EndProject
Global
	GlobalSection(SolutionConfigurationPlatforms) = preSolution
		Debug|Any CPU = Debug|Any CPU
		Release|Any CPU = Release|Any CPU
	EndGlobalSection
	GlobalSection(ProjectConfigurationPlatforms) = postSolution
		{9C738F95-DC05-4D0A-BAF2-F78AACE09ACE}.Debug|Any CPU.ActiveCfg = Debug|Any CPU
		{9C738F95-DC05-4D0A-BAF2-F78AACE09ACE}.Debug|Any CPU.Build.0 = Debug|Any CPU
		{9C738F95-DC05-4D0A-BAF2-F78AACE09ACE}.Release|Any CPU.ActiveCfg = Release|Any CPU
		{9C738F95-DC05-4D0A-BAF2-F78AACE09ACE}.Release|Any CPU.Build.0 = Release|Any CPU
		{02DB403E-A39C-40F4-8FDD-5F66D52681A5}.Debug|Any CPU.ActiveCfg = Debug|Any CPU
		{02DB403E-A39C-40F4-8FDD-5F66D52681A5}.Debug|Any CPU.Build.0 = Debug|Any CPU
		{02DB403E-A39C-40F4-8FDD-5F66D52681A5}.Release|Any CPU.ActiveCfg = Release|Any CPU
		{02DB403E-A39C-40F4-8FDD-5F66D52681A5}.Release|Any CPU.Build.0 = Release|Any CPU
		{319C57EB-53FC-4673-9461-BACD08752C7F}.Debug|Any CPU.ActiveCfg = Debug|Any CPU
		{319C57EB-53FC-4673-9461-BACD08752C7F}.Debug|Any CPU.Build.0 = Debug|Any CPU
		{319C57EB-53FC-4673-9461-BACD08752C7F}.Release|Any CPU.ActiveCfg = Release|Any CPU
		{319C57EB-53FC-4673-9461-BACD08752C7F}.Release|Any CPU.Build.0 = Release|Any CPU
		{589EAABB-4284-4E6C-B7B3-61F980492E3C}.Debug|Any CPU.ActiveCfg = Debug|Any CPU
		{589EAABB-4284-4E6C-B7B3-61F980492E3C}.Debug|Any CPU.Build.0 = Debug|Any CPU
		{589EAABB-4284-4E6C-B7B3-61F980492E3C}.Release|Any CPU.ActiveCfg = Release|Any CPU
		{589EAABB-4284-4E6C-B7B3-61F980492E3C}.Release|Any CPU.Build.0 = Release|Any CPU
	EndGlobalSection
	GlobalSection(SolutionProperties) = preSolution
		HideSolutionNode = FALSE
	EndGlobalSection
	GlobalSection(ExtensibilityGlobals) = postSolution
		SolutionGuid = {C9503C34-2346-4AB8-AC0B-12A73CD5E4BE}
	EndGlobalSection
EndGlobal
